
Microsoft Visual Studio Solution File, Format Version 12.00
# Visual Studio Version 17
VisualStudioVersion = 17.0.31903.59
MinimumVisualStudioVersion = 10.0.40219.1
Project("{FAE04EC0-301F-11D3-BF4B-00C04F79EFBC}") = "FlightTracker", "FlightTracker\FlightTracker.csproj", "{2756A66C-AE6A-4415-BB78-ADCE9C1B9997}"
EndProject
Project("{FAE04EC0-301F-11D3-BF4B-00C04F79EFBC}") = "FlightTracker.Tests", "FlightTracker.Tests\FlightTracker.Tests.csproj", "{33112CF6-13F7-49AA-8509-A58957BFBACB}"
EndProject
Global
	GlobalSection(SolutionConfigurationPlatforms) = preSolution
		Debug|Any CPU = Debug|Any CPU
		Debug|x64 = Debug|x64
		Debug|x86 = Debug|x86
		Release|Any CPU = Release|Any CPU
		Release|x64 = Release|x64
		Release|x86 = Release|x86
	EndGlobalSection
	GlobalSection(ProjectConfigurationPlatforms) = postSolution
		{2756A66C-AE6A-4415-BB78-ADCE9C1B9997}.Debug|Any CPU.ActiveCfg = Debug|Any CPU
		{2756A66C-AE6A-4415-BB78-ADCE9C1B9997}.Debug|Any CPU.Build.0 = Debug|Any CPU
		{2756A66C-AE6A-4415-BB78-ADCE9C1B9997}.Debug|x64.ActiveCfg = Debug|Any CPU
		{2756A66C-AE6A-4415-BB78-ADCE9C1B9997}.Debug|x64.Build.0 = Debug|Any CPU
		{2756A66C-AE6A-4415-BB78-ADCE9C1B9997}.Debug|x86.ActiveCfg = Debug|Any CPU
		{2756A66C-AE6A-4415-BB78-ADCE9C1B9997}.Debug|x86.Build.0 = Debug|Any CPU
		{2756A66C-AE6A-4415-BB78-ADCE9C1B9997}.Release|Any CPU.ActiveCfg = Release|Any CPU
		{2756A66C-AE6A-4415-BB78-ADCE9C1B9997}.Release|Any CPU.Build.0 = Release|Any CPU
		{2756A66C-AE6A-4415-BB78-ADCE9C1B9997}.Release|x64.ActiveCfg = Release|Any CPU
		{2756A66C-AE6A-4415-BB78-ADCE9C1B9997}.Release|x64.Build.0 = Release|Any CPU
		{2756A66C-AE6A-4415-BB78-ADCE9C1B9997}.Release|x86.ActiveCfg = Release|Any CPU
		{2756A66C-AE6A-4415-BB78-ADCE9C1B9997}.Release|x86.Build.0 = Release|Any CPU
		{33112CF6-13F7-49AA-8509-A58957BFBACB}.Debug|Any CPU.ActiveCfg = Debug|Any CPU
		{33112CF6-13F7-49AA-8509-A58957BFBACB}.Debug|Any CPU.Build.0 = Debug|Any CPU
		{33112CF6-13F7-49AA-8509-A58957BFBACB}.Debug|x64.ActiveCfg = Debug|Any CPU
		{33112CF6-13F7-49AA-8509-A58957BFBACB}.Debug|x64.Build.0 = Debug|Any CPU
		{33112CF6-13F7-49AA-8509-A58957BFBACB}.Debug|x86.ActiveCfg = Debug|Any CPU
		{33112CF6-13F7-49AA-8509-A58957BFBACB}.Debug|x86.Build.0 = Debug|Any CPU
		{33112CF6-13F7-49AA-8509-A58957BFBACB}.Release|Any CPU.ActiveCfg = Release|Any CPU
		{33112CF6-13F7-49AA-8509-A58957BFBACB}.Release|Any CPU.Build.0 = Release|Any CPU
		{33112CF6-13F7-49AA-8509-A58957BFBACB}.Release|x64.ActiveCfg = Release|Any CPU
		{33112CF6-13F7-49AA-8509-A58957BFBACB}.Release|x64.Build.0 = Release|Any CPU
		{33112CF6-13F7-49AA-8509-A58957BFBACB}.Release|x86.ActiveCfg = Release|Any CPU
		{33112CF6-13F7-49AA-8509-A58957BFBACB}.Release|x86.Build.0 = Release|Any CPU
	EndGlobalSection
	GlobalSection(SolutionProperties) = preSolution
		HideSolutionNode = FALSE
	EndGlobalSection
EndGlobal
